<Solution>
  <Folder Name="/src/">
    <Project Path="src/Parrot.App/Parrot.App.csproj" />
    <Project Path="src/Parrot.Core/Parrot.Core.csproj" />
  </Folder>
  <Folder Name="/tests/">
    <Project Path="tests/Parrot.Core.Tests/Parrot.Core.Tests.csproj" />
  </Folder>
  <Folder Name="/tools/">
    <Project Path="tools/Parrot.IconGen/Parrot.IconGen.csproj" />
  </Folder>
</Solution>
